
Microsoft Visual Studio Solution File, Format Version 12.00
# Visual Studio 15
VisualStudioVersion = 15.0.27703.2047
MinimumVisualStudioVersion = 10.0.40219.1
Project("{FAE04EC0-301F-11D3-BF4B-00C04F79EFBC}") = "chengbenimp", "chengbenimp\chengbenimp.csproj", "{9AB1B6B2-2E3D-4E42-BDD7-62540E4E38BC}"
EndProject
Global
	GlobalSection(SolutionConfigurationPlatforms) = preSolution
		Debug|Any CPU = Debug|Any CPU
		Release|Any CPU = Release|Any CPU
	EndGlobalSection
	GlobalSection(ProjectConfigurationPlatforms) = postSolution
		{9AB1B6B2-2E3D-4E42-BDD7-62540E4E38BC}.Debug|Any CPU.ActiveCfg = Debug|Any CPU
		{9AB1B6B2-2E3D-4E42-BDD7-62540E4E38BC}.Debug|Any CPU.Build.0 = Debug|Any CPU
		{9AB1B6B2-2E3D-4E42-BDD7-62540E4E38BC}.Release|Any CPU.ActiveCfg = Release|Any CPU
		{9AB1B6B2-2E3D-4E42-BDD7-62540E4E38BC}.Release|Any CPU.Build.0 = Release|Any CPU
	EndGlobalSection
	GlobalSection(SolutionProperties) = preSolution
		HideSolutionNode = FALSE
	EndGlobalSection
	GlobalSection(ExtensibilityGlobals) = postSolution
		SolutionGuid = {C3828104-8718-4330-A3F4-A5CB93FF8463}
	EndGlobalSection
EndGlobal
